# THIS IS AN AUTOGENERATED FILE. DO NOT EDIT THIS FILE DIRECTLY.
# yarn lockfile v1


"@jest/types@^26.6.2":
  version "26.6.2"
  resolved "https://registry.npm.taobao.org/@jest/types/download/@jest/types-26.6.2.tgz?cache=0&sync_timestamp=1607352867290&other_urls=https%3A%2F%2Fregistry.npm.taobao.org%2F%40jest%2Ftypes%2Fdownload%2F%40jest%2Ftypes-26.6.2.tgz#bef5a532030e1d88a2f5a6d933f84e97226ed48e"
  integrity sha1-vvWlMgMOHYii9abZM/hOlyJu1I4=
  dependencies:
    "@types/istanbul-lib-coverage" "^2.0.0"
    "@types/istanbul-reports" "^3.0.0"
    "@types/node" "*"
    "@types/yargs" "^15.0.0"
    chalk "^4.0.0"

"@types/istanbul-lib-coverage@*", "@types/istanbul-lib-coverage@^2.0.0":
  version "2.0.3"
  resolved "https://registry.npm.taobao.org/@types/istanbul-lib-coverage/download/@types/istanbul-lib-coverage-2.0.3.tgz?cache=0&sync_timestamp=1605053987538&other_urls=https%3A%2F%2Fregistry.npm.taobao.org%2F%40types%2Fistanbul-lib-coverage%2Fdownload%2F%40types%2Fistanbul-lib-coverage-2.0.3.tgz#4ba8ddb720221f432e443bd5f9117fd22cfd4762"
  integrity sha1-S6jdtyAiH0MuRDvV+RF/0iz9R2I=

"@types/istanbul-lib-report@*":
  version "3.0.0"
  resolved "https://registry.npm.taobao.org/@types/istanbul-lib-report/download/@types/istanbul-lib-report-3.0.0.tgz?cache=0&sync_timestamp=1605053987914&other_urls=https%3A%2F%2Fregistry.npm.taobao.org%2F%40types%2Fistanbul-lib-report%2Fdownload%2F%40types%2Fistanbul-lib-report-3.0.0.tgz#c14c24f18ea8190c118ee7562b7ff99a36552686"
  integrity sha1-wUwk8Y6oGQwRjudWK3/5mjZVJoY=
  dependencies:
    "@types/istanbul-lib-coverage" "*"

"@types/istanbul-reports@^3.0.0":
  version "3.0.0"
  resolved "https://registry.npm.taobao.org/@types/istanbul-reports/download/@types/istanbul-reports-3.0.0.tgz?cache=0&sync_timestamp=1605053987654&other_urls=https%3A%2F%2Fregistry.npm.taobao.org%2F%40types%2Fistanbul-reports%2Fdownload%2F%40types%2Fistanbul-reports-3.0.0.tgz#508b13aa344fa4976234e75dddcc34925737d821"
  integrity sha1-UIsTqjRPpJdiNOdd3cw0klc32CE=
  dependencies:
    "@types/istanbul-lib-report" "*"

"@types/jest@^26.0.20":
  version "26.0.20"
  resolved "https://registry.npm.taobao.org/@types/jest/download/@types/jest-26.0.20.tgz?cache=0&sync_timestamp=1610007767372&other_urls=https%3A%2F%2Fregistry.npm.taobao.org%2F%40types%2Fjest%2Fdownload%2F%40types%2Fjest-26.0.20.tgz#cd2f2702ecf69e86b586e1f5223a60e454056307"
  integrity sha1-zS8nAuz2noa1huH1Ijpg5FQFYwc=
  dependencies:
    jest-diff "^26.0.0"
    pretty-format "^26.0.0"

"@types/node@*":
  version "14.14.25"
  resolved "https://registry.npm.taobao.org/@types/node/download/@types/node-14.14.25.tgz#15967a7b577ff81383f9b888aa6705d43fbbae93"
  integrity sha1-FZZ6e1d/+BOD+biIqmcF1D+7rpM=

"@types/yargs-parser@*":
  version "20.2.0"
  resolved "https://registry.npm.taobao.org/@types/yargs-parser/download/@types/yargs-parser-20.2.0.tgz#dd3e6699ba3237f0348cd085e4698780204842f9"
  integrity sha1-3T5mmboyN/A0jNCF5GmHgCBIQvk=

"@types/yargs@^15.0.0":
  version "15.0.13"
  resolved "https://registry.npm.taobao.org/@types/yargs/download/@types/yargs-15.0.13.tgz?cache=0&sync_timestamp=1611883417069&other_urls=https%3A%2F%2Fregistry.npm.taobao.org%2F%40types%2Fyargs%2Fdownload%2F%40types%2Fyargs-15.0.13.tgz#34f7fec8b389d7f3c1fd08026a5763e072d3c6dc"
  integrity sha1-NPf+yLOJ1/PB/QgCaldj4HLTxtw=
  dependencies:
    "@types/yargs-parser" "*"

ansi-regex@^5.0.0:
  version "5.0.0"
  resolved "https://registry.npm.taobao.org/ansi-regex/download/ansi-regex-5.0.0.tgz#388539f55179bf39339c81af30a654d69f87cb75"
  integrity sha1-OIU59VF5vzkznIGvMKZU1p+Hy3U=

ansi-styles@^4.0.0, ansi-styles@^4.1.0:
  version "4.3.0"
  resolved "https://registry.npm.taobao.org/ansi-styles/download/ansi-styles-4.3.0.tgz?cache=0&sync_timestamp=1611325747047&other_urls=https%3A%2F%2Fregistry.npm.taobao.org%2Fansi-styles%2Fdownload%2Fansi-styles-4.3.0.tgz#edd803628ae71c04c85ae7a0906edad34b648937"
  integrity sha1-7dgDYornHATIWuegkG7a00tkiTc=
  dependencies:
    color-convert "^2.0.1"

chalk@^4.0.0:
  version "4.1.0"
  resolved "https://registry.npm.taobao.org/chalk/download/chalk-4.1.0.tgz#4e14870a618d9e2edd97dd8345fd9d9dc315646a"
  integrity sha1-ThSHCmGNni7dl92DRf2dncMVZGo=
  dependencies:
    ansi-styles "^4.1.0"
    supports-color "^7.1.0"

color-convert@^2.0.1:
  version "2.0.1"
  resolved "https://registry.npm.taobao.org/color-convert/download/color-convert-2.0.1.tgz#72d3a68d598c9bdb3af2ad1e84f21d896abd4de3"
  integrity sha1-ctOmjVmMm9s68q0ehPIdiWq9TeM=
  dependencies:
    color-name "~1.1.4"

color-name@~1.1.4:
  version "1.1.4"
  resolved "https://registry.npm.taobao.org/color-name/download/color-name-1.1.4.tgz#c2a09a87acbde69543de6f63fa3995c826c536a2"
  integrity sha1-wqCah6y95pVD3m9j+jmVyCbFNqI=

diff-sequences@^26.6.2:
  version "26.6.2"
  resolved "https://registry.npm.taobao.org/diff-sequences/download/diff-sequences-26.6.2.tgz?cache=0&sync_timestamp=1607352548704&other_urls=https%3A%2F%2Fregistry.npm.taobao.org%2Fdiff-sequences%2Fdownload%2Fdiff-sequences-26.6.2.tgz#48ba99157de1923412eed41db6b6d4aa9ca7c0b1"
  integrity sha1-SLqZFX3hkjQS7tQdtrbUqpynwLE=

has-flag@^4.0.0:
  version "4.0.0"
  resolved "https://registry.npm.taobao.org/has-flag/download/has-flag-4.0.0.tgz#944771fd9c81c81265c4d6941860da06bb59479b"
  integrity sha1-lEdx/ZyByBJlxNaUGGDaBrtZR5s=

jest-diff@^26.0.0:
  version "26.6.2"
  resolved "https://registry.npm.taobao.org/jest-diff/download/jest-diff-26.6.2.tgz?cache=0&sync_timestamp=1607352755805&other_urls=https%3A%2F%2Fregistry.npm.taobao.org%2Fjest-diff%2Fdownload%2Fjest-diff-26.6.2.tgz#1aa7468b52c3a68d7d5c5fdcdfcd5e49bd164394"
  integrity sha1-GqdGi1LDpo19XF/c381eSb0WQ5Q=
  dependencies:
    chalk "^4.0.0"
    diff-sequences "^26.6.2"
    jest-get-type "^26.3.0"
    pretty-format "^26.6.2"

jest-get-type@^26.3.0:
  version "26.3.0"
  resolved "https://registry.npm.taobao.org/jest-get-type/download/jest-get-type-26.3.0.tgz?cache=0&sync_timestamp=1607352755729&other_urls=https%3A%2F%2Fregistry.npm.taobao.org%2Fjest-get-type%2Fdownload%2Fjest-get-type-26.3.0.tgz#e97dc3c3f53c2b406ca7afaed4493b1d099199e0"
  integrity sha1-6X3Dw/U8K0Bsp6+u1Ek7HQmRmeA=

pretty-format@^26.0.0, pretty-format@^26.6.2:
  version "26.6.2"
  resolved "https://registry.npm.taobao.org/pretty-format/download/pretty-format-26.6.2.tgz?cache=0&sync_timestamp=1607352896943&other_urls=https%3A%2F%2Fregistry.npm.taobao.org%2Fpretty-format%2Fdownload%2Fpretty-format-26.6.2.tgz#e35c2705f14cb7fe2fe94fa078345b444120fc93"
  integrity sha1-41wnBfFMt/4v6U+geDRbREEg/JM=
  dependencies:
    "@jest/types" "^26.6.2"
    ansi-regex "^5.0.0"
    ansi-styles "^4.0.0"
    react-is "^17.0.1"

react-is@^17.0.1:
  version "17.0.1"
  resolved "https://registry.npm.taobao.org/react-is/download/react-is-17.0.1.tgz#5b3531bd76a645a4c9fb6e693ed36419e3301339"
  integrity sha1-WzUxvXamRaTJ+25pPtNkGeMwEzk=

supports-color@^7.1.0:
  version "7.2.0"
  resolved "https://registry.npm.taobao.org/supports-color/download/supports-color-7.2.0.tgz?cache=0&sync_timestamp=1611394878204&other_urls=https%3A%2F%2Fregistry.npm.taobao.org%2Fsupports-color%2Fdownload%2Fsupports-color-7.2.0.tgz#1b7dcdcb32b8138801b3e478ba6a51caa89648da"
  integrity sha1-G33NyzK4E4gBs+R4umpRyqiWSNo=
  dependencies:
    has-flag "^4.0.0"
